{
  "nodes": {
    "nixpkgs": {
      "locked": {
        "lastModified": 1725693463,
        "narHash": "sha256-ZPzhebbWBOr0zRWW10FfqfbJlan3G96/h3uqhiFqmwg=",
        "rev": "68e7dce0a6532e876980764167ad158174402c6f",
        "revCount": 634906,
        "type": "tarball",
        "url": "https://api.flakehub.com/f/pinned/NixOS/nixpkgs/0.2405.634906%2Brev-68e7dce0a6532e876980764167ad158174402c6f/0191d236-d6d7-71b2-b4e5-6934a471489e/source.tar.gz?rev=68e7dce0a6532e876980764167ad158174402c6f&revCount=634906"
      },
      "original": {
        "type": "tarball",
        "url": "https://flakehub.com/f/NixOS/nixpkgs/0.2405.%2A.tar.gz"
      }
    },
    "root": {
      "inputs": {
        "nixpkgs": "nixpkgs"
      }
    }
  },
  "root": "root",
  "version": 7
}
